
Microsoft Visual Studio Solution File, Format Version 12.00
# Visual Studio 15
VisualStudioVersion = 15.0.27703.2047
MinimumVisualStudioVersion = 10.0.40219.1
Project("{FAE04EC0-301F-11D3-BF4B-00C04F79EFBC}") = "WpfMaPremiereApplication", "WpfMaPremiereApplication\WpfMaPremiereApplication.csproj", "{9B8EB983-1C0A-4C4A-B7D2-502B26DA9877}"
EndProject
Project("{FAE04EC0-301F-11D3-BF4B-00C04F79EFBC}") = "WpfApplicationBoule", "WpfApplicationBoule\WpfApplicationBoule.csproj", "{E78FB6A2-F4D6-4322-A03F-97FBAE9ADB02}"
EndProject
Global
	GlobalSection(SolutionConfigurationPlatforms) = preSolution
		Debug|Any CPU = Debug|Any CPU
		Release|Any CPU = Release|Any CPU
	EndGlobalSection
	GlobalSection(ProjectConfigurationPlatforms) = postSolution
		{9B8EB983-1C0A-4C4A-B7D2-502B26DA9877}.Debug|Any CPU.ActiveCfg = Debug|Any CPU
		{9B8EB983-1C0A-4C4A-B7D2-502B26DA9877}.Debug|Any CPU.Build.0 = Debug|Any CPU
		{9B8EB983-1C0A-4C4A-B7D2-502B26DA9877}.Release|Any CPU.ActiveCfg = Release|Any CPU
		{9B8EB983-1C0A-4C4A-B7D2-502B26DA9877}.Release|Any CPU.Build.0 = Release|Any CPU
		{E78FB6A2-F4D6-4322-A03F-97FBAE9ADB02}.Debug|Any CPU.ActiveCfg = Debug|Any CPU
		{E78FB6A2-F4D6-4322-A03F-97FBAE9ADB02}.Debug|Any CPU.Build.0 = Debug|Any CPU
		{E78FB6A2-F4D6-4322-A03F-97FBAE9ADB02}.Release|Any CPU.ActiveCfg = Release|Any CPU
		{E78FB6A2-F4D6-4322-A03F-97FBAE9ADB02}.Release|Any CPU.Build.0 = Release|Any CPU
	EndGlobalSection
	GlobalSection(SolutionProperties) = preSolution
		HideSolutionNode = FALSE
	EndGlobalSection
	GlobalSection(ExtensibilityGlobals) = postSolution
		SolutionGuid = {2B1C133D-966C-47DD-A2A3-5B864869A24A}
	EndGlobalSection
EndGlobal
